// !$*UTF8*$!
{
	archiveVersion = 1;
	classes = {
	};
	objectVersion = 46;
	objects = {

/* Begin PBXBuildFile section */
		2966CB391AFFA19B009B5C2E /* Bout15Touch.swift in Sources */ = {isa = PBXBuildFile; fileRef = 2966CB381AFFA19B009B5C2E /* Bout15Touch.swift */; };
		2966CB3B1B002F87009B5C2E /* CreateNewBoutView.swift in Sources */ = {isa = PBXBuildFile; fileRef = 2966CB3A1B002F87009B5C2E /* CreateNewBoutView.swift */; };
		2966CB3D1B02EBCC009B5C2E /* Bout10Touch.swift in Sources */ = {isa = PBXBuildFile; fileRef = 2966CB3C1B02EBCC009B5C2E /* Bout10Touch.swift */; };
		2966CB3F1B02EDB2009B5C2E /* BoutFIETeam.swift in Sources */ = {isa = PBXBuildFile; fileRef = 2966CB3E1B02EDB2009B5C2E /* BoutFIETeam.swift */; };
		296B14461AE4879900A3CAAB /* Bout.swift in Sources */ = {isa = PBXBuildFile; fileRef = 296B14451AE4879900A3CAAB /* Bout.swift */; };
		296B14481AE489D000A3CAAB /* Timer.swift in Sources */ = {isa = PBXBuildFile; fileRef = 296B14471AE489D000A3CAAB /* Timer.swift */; };
		296B144E1AED226700A3CAAB /* BoutViewController.swift in Sources */ = {isa = PBXBuildFile; fileRef = 296B144D1AED226700A3CAAB /* BoutViewController.swift */; };
		296B14521AED2FD300A3CAAB /* device4in.storyboard in Resources */ = {isa = PBXBuildFile; fileRef = 296B14511AED2FD300A3CAAB /* device4in.storyboard */; };
		296B145D1AF3F77400A3CAAB /* Images.xcassets in Resources */ = {isa = PBXBuildFile; fileRef = 296B145C1AF3F77400A3CAAB /* Images.xcassets */; };
		296B14691AF3F7AD00A3CAAB /* FAImageView.m in Sources */ = {isa = PBXBuildFile; fileRef = 296B14601AF3F7AD00A3CAAB /* FAImageView.m */; };
		296B146A1AF3F7AD00A3CAAB /* FontAwesome+iOS.podspec in Resources */ = {isa = PBXBuildFile; fileRef = 296B14611AF3F7AD00A3CAAB /* FontAwesome+iOS.podspec */; };
		296B146B1AF3F7AD00A3CAAB /* NSString+FontAwesome.m in Sources */ = {isa = PBXBuildFile; fileRef = 296B14631AF3F7AD00A3CAAB /* NSString+FontAwesome.m */; };
		296B146C1AF3F7AD00A3CAAB /* String+FontAwesome.swift in Sources */ = {isa = PBXBuildFile; fileRef = 296B14641AF3F7AD00A3CAAB /* String+FontAwesome.swift */; };
		296B146D1AF3F7AD00A3CAAB /* UIFont+FontAwesome.m in Sources */ = {isa = PBXBuildFile; fileRef = 296B14661AF3F7AD00A3CAAB /* UIFont+FontAwesome.m */; };
		296B146E1AF3F7AD00A3CAAB /* UIImage+FontAwesome.m in Sources */ = {isa = PBXBuildFile; fileRef = 296B14681AF3F7AD00A3CAAB /* UIImage+FontAwesome.m */; };
		296B14701AF3F7BE00A3CAAB /* FontAwesome.ttf in Resources */ = {isa = PBXBuildFile; fileRef = 296B146F1AF3F7BE00A3CAAB /* FontAwesome.ttf */; };
		2996EE141B0BF53700A26564 /* AdjustTimerViewController.swift in Sources */ = {isa = PBXBuildFile; fileRef = 2996EE131B0BF53700A26564 /* AdjustTimerViewController.swift */; };
		299F32821AF539B200BD5AB0 /* BoutTimerViewController.swift in Sources */ = {isa = PBXBuildFile; fileRef = 299F32811AF539B200BD5AB0 /* BoutTimerViewController.swift */; };
		29C94F361AE3F34400584FCF /* AppDelegate.swift in Sources */ = {isa = PBXBuildFile; fileRef = 29C94F351AE3F34400584FCF /* AppDelegate.swift */; };
		29C94F381AE3F34400584FCF /* ViewController.swift in Sources */ = {isa = PBXBuildFile; fileRef = 29C94F371AE3F34400584FCF /* ViewController.swift */; };
		29C94F3B1AE3F34400584FCF /* Main.storyboard in Resources */ = {isa = PBXBuildFile; fileRef = 29C94F391AE3F34400584FCF /* Main.storyboard */; };
		29C94F401AE3F34400584FCF /* LaunchScreen.xib in Resources */ = {isa = PBXBuildFile; fileRef = 29C94F3E1AE3F34400584FCF /* LaunchScreen.xib */; };
		29C94F4C1AE3F34400584FCF /* FencingRefSwiftTests.swift in Sources */ = {isa = PBXBuildFile; fileRef = 29C94F4B1AE3F34400584FCF /* FencingRefSwiftTests.swift */; };
		29E541511AFC47C600EC6A47 /* ModalTimerViewController.swift in Sources */ = {isa = PBXBuildFile; fileRef = 29E541501AFC47C600EC6A47 /* ModalTimerViewController.swift */; };
/* End PBXBuildFile section */

/* Begin PBXContainerItemProxy section */
		29C94F461AE3F34400584FCF /* PBXContainerItemProxy */ = {
			isa = PBXContainerItemProxy;
			containerPortal = 29C94F281AE3F34400584FCF /* Project object */;
			proxyType = 1;
			remoteGlobalIDString = 29C94F2F1AE3F34400584FCF;
			remoteInfo = FencingRefSwift;
		};
/* End PBXContainerItemProxy section */

/* Begin PBXFileReference section */
		2966CB381AFFA19B009B5C2E /* Bout15Touch.swift */ = {isa = PBXFileReference; fileEncoding = 4; lastKnownFileType = sourcecode.swift; path = Bout15Touch.swift; sourceTree = "<group>"; };
		2966CB3A1B002F87009B5C2E /* CreateNewBoutView.swift */ = {isa = PBXFileReference; fileEncoding = 4; lastKnownFileType = sourcecode.swift; path = CreateNewBoutView.swift; sourceTree = "<group>"; };
		2966CB3C1B02EBCC009B5C2E /* Bout10Touch.swift */ = {isa = PBXFileReference; fileEncoding = 4; lastKnownFileType = sourcecode.swift; path = Bout10Touch.swift; sourceTree = "<group>"; };
		2966CB3E1B02EDB2009B5C2E /* BoutFIETeam.swift */ = {isa = PBXFileReference; fileEncoding = 4; lastKnownFileType = sourcecode.swift; path = BoutFIETeam.swift; sourceTree = "<group>"; };
		296B14451AE4879900A3CAAB /* Bout.swift */ = {isa = PBXFileReference; fileEncoding = 4; lastKnownFileType = sourcecode.swift; path = Bout.swift; sourceTree = "<group>"; };
		296B14471AE489D000A3CAAB /* Timer.swift */ = {isa = PBXFileReference; fileEncoding = 4; lastKnownFileType = sourcecode.swift; path = Timer.swift; sourceTree = "<group>"; };
		296B144D1AED226700A3CAAB /* BoutViewController.swift */ = {isa = PBXFileReference; fileEncoding = 4; lastKnownFileType = sourcecode.swift; path = BoutViewController.swift; sourceTree = "<group>"; };
		296B14511AED2FD300A3CAAB /* device4in.storyboard */ = {isa = PBXFileReference; fileEncoding = 4; lastKnownFileType = file.storyboard; path = device4in.storyboard; sourceTree = "<group>"; };
		296B145C1AF3F77400A3CAAB /* Images.xcassets */ = {isa = PBXFileReference; lastKnownFileType = folder.assetcatalog; path = Images.xcassets; sourceTree = "<group>"; };
		296B145F1AF3F7AD00A3CAAB /* FAImageView.h */ = {isa = PBXFileReference; fileEncoding = 4; lastKnownFileType = sourcecode.c.h; name = FAImageView.h; path = fontawesome/FAImageView.h; sourceTree = "<group>"; };
		296B14601AF3F7AD00A3CAAB /* FAImageView.m */ = {isa = PBXFileReference; fileEncoding = 4; lastKnownFileType = sourcecode.c.objc; name = FAImageView.m; path = fontawesome/FAImageView.m; sourceTree = "<group>"; };
		296B14611AF3F7AD00A3CAAB /* FontAwesome+iOS.podspec */ = {isa = PBXFileReference; fileEncoding = 4; lastKnownFileType = text; name = "FontAwesome+iOS.podspec"; path = "fontawesome/FontAwesome+iOS.podspec"; sourceTree = "<group>"; };
		296B14621AF3F7AD00A3CAAB /* NSString+FontAwesome.h */ = {isa = PBXFileReference; fileEncoding = 4; lastKnownFileType = sourcecode.c.h; name = "NSString+FontAwesome.h"; path = "fontawesome/NSString+FontAwesome.h"; sourceTree = "<group>"; };
		296B14631AF3F7AD00A3CAAB /* NSString+FontAwesome.m */ = {isa = PBXFileReference; fileEncoding = 4; lastKnownFileType = sourcecode.c.objc; name = "NSString+FontAwesome.m"; path = "fontawesome/NSString+FontAwesome.m"; sourceTree = "<group>"; };
		296B14641AF3F7AD00A3CAAB /* String+FontAwesome.swift */ = {isa = PBXFileReference; fileEncoding = 4; lastKnownFileType = sourcecode.swift; name = "String+FontAwesome.swift"; path = "fontawesome/String+FontAwesome.swift"; sourceTree = "<group>"; };
		296B14651AF3F7AD00A3CAAB /* UIFont+FontAwesome.h */ = {isa = PBXFileReference; fileEncoding = 4; lastKnownFileType = sourcecode.c.h; name = "UIFont+FontAwesome.h"; path = "fontawesome/UIFont+FontAwesome.h"; sourceTree = "<group>"; };
		296B14661AF3F7AD00A3CAAB /* UIFont+FontAwesome.m */ = {isa = PBXFileReference; fileEncoding = 4; lastKnownFileType = sourcecode.c.objc; name = "UIFont+FontAwesome.m"; path = "fontawesome/UIFont+FontAwesome.m"; sourceTree = "<group>"; };
		296B14671AF3F7AD00A3CAAB /* UIImage+FontAwesome.h */ = {isa = PBXFileReference; fileEncoding = 4; lastKnownFileType = sourcecode.c.h; name = "UIImage+FontAwesome.h"; path = "fontawesome/UIImage+FontAwesome.h"; sourceTree = "<group>"; };
		296B14681AF3F7AD00A3CAAB /* UIImage+FontAwesome.m */ = {isa = PBXFileReference; fileEncoding = 4; lastKnownFileType = sourcecode.c.objc; name = "UIImage+FontAwesome.m"; path = "fontawesome/UIImage+FontAwesome.m"; sourceTree = "<group>"; };
		296B146F1AF3F7BE00A3CAAB /* FontAwesome.ttf */ = {isa = PBXFileReference; lastKnownFileType = file; name = FontAwesome.ttf; path = fontawesome/Resources/FontAwesome.ttf; sourceTree = "<group>"; };
		296B14731AF4459F00A3CAAB /* FencingRefSwift-Bridging-Header.h */ = {isa = PBXFileReference; fileEncoding = 4; lastKnownFileType = sourcecode.c.h; path = "FencingRefSwift-Bridging-Header.h"; sourceTree = "<group>"; };
		2996EE131B0BF53700A26564 /* AdjustTimerViewController.swift */ = {isa = PBXFileReference; fileEncoding = 4; lastKnownFileType = sourcecode.swift; path = AdjustTimerViewController.swift; sourceTree = "<group>"; };
		299F32811AF539B200BD5AB0 /* BoutTimerViewController.swift */ = {isa = PBXFileReference; fileEncoding = 4; lastKnownFileType = sourcecode.swift; path = BoutTimerViewController.swift; sourceTree = "<group>"; };
		29C94F301AE3F34400584FCF /* FencingRefSwift.app */ = {isa = PBXFileReference; explicitFileType = wrapper.application; includeInIndex = 0; path = FencingRefSwift.app; sourceTree = BUILT_PRODUCTS_DIR; };
		29C94F341AE3F34400584FCF /* Info.plist */ = {isa = PBXFileReference; lastKnownFileType = text.plist.xml; path = Info.plist; sourceTree = "<group>"; };
		29C94F351AE3F34400584FCF /* AppDelegate.swift */ = {isa = PBXFileReference; lastKnownFileType = sourcecode.swift; path = AppDelegate.swift; sourceTree = "<group>"; };
		29C94F371AE3F34400584FCF /* ViewController.swift */ = {isa = PBXFileReference; lastKnownFileType = sourcecode.swift; path = ViewController.swift; sourceTree = "<group>"; };
		29C94F3A1AE3F34400584FCF /* Base */ = {isa = PBXFileReference; lastKnownFileType = file.storyboard; name = Base; path = Base.lproj/Main.storyboard; sourceTree = "<group>"; };
		29C94F3F1AE3F34400584FCF /* Base */ = {isa = PBXFileReference; lastKnownFileType = file.xib; name = Base; path = Base.lproj/LaunchScreen.xib; sourceTree = "<group>"; };
		29C94F451AE3F34400584FCF /* FencingRefSwiftTests.xctest */ = {isa = PBXFileReference; explicitFileType = wrapper.cfbundle; includeInIndex = 0; path = FencingRefSwiftTests.xctest; sourceTree = BUILT_PRODUCTS_DIR; };
		29C94F4A1AE3F34400584FCF /* Info.plist */ = {isa = PBXFileReference; lastKnownFileType = text.plist.xml; path = Info.plist; sourceTree = "<group>"; };
		29C94F4B1AE3F34400584FCF /* FencingRefSwiftTests.swift */ = {isa = PBXFileReference; lastKnownFileType = sourcecode.swift; path = FencingRefSwiftTests.swift; sourceTree = "<group>"; };
		29E541501AFC47C600EC6A47 /* ModalTimerViewController.swift */ = {isa = PBXFileReference; fileEncoding = 4; lastKnownFileType = sourcecode.swift; path = ModalTimerViewController.swift; sourceTree = "<group>"; };
/* End PBXFileReference section */

/* Begin PBXFrameworksBuildPhase section */
		29C94F2D1AE3F34400584FCF /* Frameworks */ = {
			isa = PBXFrameworksBuildPhase;
			buildActionMask = 2147483647;
			files = (
			);
			runOnlyForDeploymentPostprocessing = 0;
		};
		29C94F421AE3F34400584FCF /* Frameworks */ = {
			isa = PBXFrameworksBuildPhase;
			buildActionMask = 2147483647;
			files = (
			);
			runOnlyForDeploymentPostprocessing = 0;
		};
/* End PBXFrameworksBuildPhase section */

/* Begin PBXGroup section */
		296B145E1AF3F79A00A3CAAB /* fontawesome */ = {
			isa = PBXGroup;
			children = (
				296B146F1AF3F7BE00A3CAAB /* FontAwesome.ttf */,
				296B145F1AF3F7AD00A3CAAB /* FAImageView.h */,
				296B14601AF3F7AD00A3CAAB /* FAImageView.m */,
				296B14611AF3F7AD00A3CAAB /* FontAwesome+iOS.podspec */,
				296B14621AF3F7AD00A3CAAB /* NSString+FontAwesome.h */,
				296B14631AF3F7AD00A3CAAB /* NSString+FontAwesome.m */,
				296B14641AF3F7AD00A3CAAB /* String+FontAwesome.swift */,
				296B14651AF3F7AD00A3CAAB /* UIFont+FontAwesome.h */,
				296B14661AF3F7AD00A3CAAB /* UIFont+FontAwesome.m */,
				296B14671AF3F7AD00A3CAAB /* UIImage+FontAwesome.h */,
				296B14681AF3F7AD00A3CAAB /* UIImage+FontAwesome.m */,
			);
			name = fontawesome;
			sourceTree = "<group>";
		};
		29C94F271AE3F34400584FCF = {
			isa = PBXGroup;
			children = (
				29C94F321AE3F34400584FCF /* FencingRefSwift */,
				29C94F481AE3F34400584FCF /* FencingRefSwiftTests */,
				29C94F311AE3F34400584FCF /* Products */,
			);
			sourceTree = "<group>";
		};
		29C94F311AE3F34400584FCF /* Products */ = {
			isa = PBXGroup;
			children = (
				29C94F301AE3F34400584FCF /* FencingRefSwift.app */,
				29C94F451AE3F34400584FCF /* FencingRefSwiftTests.xctest */,
			);
			name = Products;
			sourceTree = "<group>";
		};
		29C94F321AE3F34400584FCF /* FencingRefSwift */ = {
			isa = PBXGroup;
			children = (
				29C94F331AE3F34400584FCF /* Supporting Files */,
				296B145E1AF3F79A00A3CAAB /* fontawesome */,
				296B145C1AF3F77400A3CAAB /* Images.xcassets */,
				29C94F351AE3F34400584FCF /* AppDelegate.swift */,
				29C94F371AE3F34400584FCF /* ViewController.swift */,
				29C94F391AE3F34400584FCF /* Main.storyboard */,
				29C94F3E1AE3F34400584FCF /* LaunchScreen.xib */,
				296B14511AED2FD300A3CAAB /* device4in.storyboard */,
				296B14471AE489D000A3CAAB /* Timer.swift */,
				296B14451AE4879900A3CAAB /* Bout.swift */,
				2966CB3C1B02EBCC009B5C2E /* Bout10Touch.swift */,
				2966CB381AFFA19B009B5C2E /* Bout15Touch.swift */,
				2966CB3E1B02EDB2009B5C2E /* BoutFIETeam.swift */,
				296B144D1AED226700A3CAAB /* BoutViewController.swift */,
				299F32811AF539B200BD5AB0 /* BoutTimerViewController.swift */,
				29E541501AFC47C600EC6A47 /* ModalTimerViewController.swift */,
				2966CB3A1B002F87009B5C2E /* CreateNewBoutView.swift */,
				2996EE131B0BF53700A26564 /* AdjustTimerViewController.swift */,
				296B14731AF4459F00A3CAAB /* FencingRefSwift-Bridging-Header.h */,
			);
			path = FencingRefSwift;
			sourceTree = "<group>";
		};
		29C94F331AE3F34400584FCF /* Supporting Files */ = {
			isa = PBXGroup;
			children = (
				29C94F341AE3F34400584FCF /* Info.plist */,
			);
			name = "Supporting Files";
			sourceTree = "<group>";
		};
		29C94F481AE3F34400584FCF /* FencingRefSwiftTests */ = {
			isa = PBXGroup;
			children = (
				29C94F4B1AE3F34400584FCF /* FencingRefSwiftTests.swift */,
				29C94F491AE3F34400584FCF /* Supporting Files */,
			);
			path = FencingRefSwiftTests;
			sourceTree = "<group>";
		};
		29C94F491AE3F34400584FCF /* Supporting Files */ = {
			isa = PBXGroup;
			children = (
				29C94F4A1AE3F34400584FCF /* Info.plist */,
			);
			name = "Supporting Files";
			sourceTree = "<group>";
		};
/* End PBXGroup section */

/* Begin PBXNativeTarget section */
		29C94F2F1AE3F34400584FCF /* FencingRefSwift */ = {
			isa = PBXNativeTarget;
			buildConfigurationList = 29C94F4F1AE3F34400584FCF /* Build configuration list for PBXNativeTarget "FencingRefSwift" */;
			buildPhases = (
				29C94F2C1AE3F34400584FCF /* Sources */,
				29C94F2D1AE3F34400584FCF /* Frameworks */,
				29C94F2E1AE3F34400584FCF /* Resources */,
			);
			buildRules = (
			);
			dependencies = (
			);
			name = FencingRefSwift;
			productName = FencingRefSwift;
			productReference = 29C94F301AE3F34400584FCF /* FencingRefSwift.app */;
			productType = "com.apple.product-type.application";
		};
		29C94F441AE3F34400584FCF /* FencingRefSwiftTests */ = {
			isa = PBXNativeTarget;
			buildConfigurationList = 29C94F521AE3F34400584FCF /* Build configuration list for PBXNativeTarget "FencingRefSwiftTests" */;
			buildPhases = (
				29C94F411AE3F34400584FCF /* Sources */,
				29C94F421AE3F34400584FCF /* Frameworks */,
				29C94F431AE3F34400584FCF /* Resources */,
			);
			buildRules = (
			);
			dependencies = (
				29C94F471AE3F34400584FCF /* PBXTargetDependency */,
			);
			name = FencingRefSwiftTests;
			productName = FencingRefSwiftTests;
			productReference = 29C94F451AE3F34400584FCF /* FencingRefSwiftTests.xctest */;
			productType = "com.apple.product-type.bundle.unit-test";
		};
/* End PBXNativeTarget section */

/* Begin PBXProject section */
		29C94F281AE3F34400584FCF /* Project object */ = {
			isa = PBXProject;
			attributes = {
				LastSwiftUpdateCheck = 0730;
				LastUpgradeCheck = 0730;
				ORGANIZATIONNAME = jdp;
				TargetAttributes = {
					29C94F2F1AE3F34400584FCF = {
						CreatedOnToolsVersion = 6.3;
						DevelopmentTeam = JHQ77B32C2;
					};
					29C94F441AE3F34400584FCF = {
						CreatedOnToolsVersion = 6.3;
						TestTargetID = 29C94F2F1AE3F34400584FCF;
					};
				};
			};
			buildConfigurationList = 29C94F2B1AE3F34400584FCF /* Build configuration list for PBXProject "FencingRefSwift" */;
			compatibilityVersion = "Xcode 3.2";
			developmentRegion = English;
			hasScannedForEncodings = 0;
			knownRegions = (
				en,
				Base,
			);
			mainGroup = 29C94F271AE3F34400584FCF;
			productRefGroup = 29C94F311AE3F34400584FCF /* Products */;
			projectDirPath = "";
			projectRoot = "";
			targets = (
				29C94F2F1AE3F34400584FCF /* FencingRefSwift */,
				29C94F441AE3F34400584FCF /* FencingRefSwiftTests */,
			);
		};
/* End PBXProject section */

/* Begin PBXResourcesBuildPhase section */
		29C94F2E1AE3F34400584FCF /* Resources */ = {
			isa = PBXResourcesBuildPhase;
			buildActionMask = 2147483647;
			files = (
				29C94F3B1AE3F34400584FCF /* Main.storyboard in Resources */,
				296B14701AF3F7BE00A3CAAB /* FontAwesome.ttf in Resources */,
				296B146A1AF3F7AD00A3CAAB /* FontAwesome+iOS.podspec in Resources */,
				296B145D1AF3F77400A3CAAB /* Images.xcassets in Resources */,
				296B14521AED2FD300A3CAAB /* device4in.storyboard in Resources */,
				29C94F401AE3F34400584FCF /* LaunchScreen.xib in Resources */,
			);
			runOnlyForDeploymentPostprocessing = 0;
		};
		29C94F431AE3F34400584FCF /* Resources */ = {
			isa = PBXResourcesBuildPhase;
			buildActionMask = 2147483647;
			files = (
			);
			runOnlyForDeploymentPostprocessing = 0;
		};
/* End PBXResourcesBuildPhase section */

/* Begin PBXSourcesBuildPhase section */
		29C94F2C1AE3F34400584FCF /* Sources */ = {
			isa = PBXSourcesBuildPhase;
			buildActionMask = 2147483647;
			files = (
				2966CB391AFFA19B009B5C2E /* Bout15Touch.swift in Sources */,
				2966CB3F1B02EDB2009B5C2E /* BoutFIETeam.swift in Sources */,
				296B146B1AF3F7AD00A3CAAB /* NSString+FontAwesome.m in Sources */,
				296B144E1AED226700A3CAAB /* BoutViewController.swift in Sources */,
				29C94F381AE3F34400584FCF /* ViewController.swift in Sources */,
				29C94F361AE3F34400584FCF /* AppDelegate.swift in Sources */,
				2966CB3D1B02EBCC009B5C2E /* Bout10Touch.swift in Sources */,
				296B14691AF3F7AD00A3CAAB /* FAImageView.m in Sources */,
				299F32821AF539B200BD5AB0 /* BoutTimerViewController.swift in Sources */,
				29E541511AFC47C600EC6A47 /* ModalTimerViewController.swift in Sources */,
				296B146C1AF3F7AD00A3CAAB /* String+FontAwesome.swift in Sources */,
				2966CB3B1B002F87009B5C2E /* CreateNewBoutView.swift in Sources */,
				2996EE141B0BF53700A26564 /* AdjustTimerViewController.swift in Sources */,
				296B14461AE4879900A3CAAB /* Bout.swift in Sources */,
				296B14481AE489D000A3CAAB /* Timer.swift in Sources */,
				296B146E1AF3F7AD00A3CAAB /* UIImage+FontAwesome.m in Sources */,
				296B146D1AF3F7AD00A3CAAB /* UIFont+FontAwesome.m in Sources */,
			);
			runOnlyForDeploymentPostprocessing = 0;
		};
		29C94F411AE3F34400584FCF /* Sources */ = {
			isa = PBXSourcesBuildPhase;
			buildActionMask = 2147483647;
			files = (
				29C94F4C1AE3F34400584FCF /* FencingRefSwiftTests.swift in Sources */,
			);
			runOnlyForDeploymentPostprocessing = 0;
		};
/* End PBXSourcesBuildPhase section */

/* Begin PBXTargetDependency section */
		29C94F471AE3F34400584FCF /* PBXTargetDependency */ = {
			isa = PBXTargetDependency;
			target = 29C94F2F1AE3F34400584FCF /* FencingRefSwift */;
			targetProxy = 29C94F461AE3F34400584FCF /* PBXContainerItemProxy */;
		};
/* End PBXTargetDependency section */

/* Begin PBXVariantGroup section */
		29C94F391AE3F34400584FCF /* Main.storyboard */ = {
			isa = PBXVariantGroup;
			children = (
				29C94F3A1AE3F34400584FCF /* Base */,
			);
			name = Main.storyboard;
			sourceTree = "<group>";
		};
		29C94F3E1AE3F34400584FCF /* LaunchScreen.xib */ = {
			isa = PBXVariantGroup;
			children = (
				29C94F3F1AE3F34400584FCF /* Base */,
			);
			name = LaunchScreen.xib;
			sourceTree = "<group>";
		};
/* End PBXVariantGroup section */

/* Begin XCBuildConfiguration section */
		29C94F4D1AE3F34400584FCF /* Debug */ = {
			isa = XCBuildConfiguration;
			buildSettings = {
				ALWAYS_SEARCH_USER_PATHS = NO;
				CLANG_CXX_LANGUAGE_STANDARD = "gnu++0x";
				CLANG_CXX_LIBRARY = "libc++";
				CLANG_ENABLE_MODULES = YES;
				CLANG_ENABLE_OBJC_ARC = YES;
				CLANG_WARN_BOOL_CONVERSION = YES;
				CLANG_WARN_CONSTANT_CONVERSION = YES;
				CLANG_WARN_DIRECT_OBJC_ISA_USAGE = YES_ERROR;
				CLANG_WARN_EMPTY_BODY = YES;
				CLANG_WARN_ENUM_CONVERSION = YES;
				CLANG_WARN_INT_CONVERSION = YES;
				CLANG_WARN_OBJC_ROOT_CLASS = YES_ERROR;
				CLANG_WARN_UNREACHABLE_CODE = YES;
				CLANG_WARN__DUPLICATE_METHOD_MATCH = YES;
				"CODE_SIGN_IDENTITY[sdk=iphoneos*]" = "iPhone Developer";
				COPY_PHASE_STRIP = NO;
				DEBUG_INFORMATION_FORMAT = "dwarf-with-dsym";
				ENABLE_STRICT_OBJC_MSGSEND = YES;
				ENABLE_TESTABILITY = YES;
				GCC_C_LANGUAGE_STANDARD = gnu99;
				GCC_DYNAMIC_NO_PIC = NO;
				GCC_NO_COMMON_BLOCKS = YES;
				GCC_OPTIMIZATION_LEVEL = 0;
				GCC_PREPROCESSOR_DEFINITIONS = (
					"DEBUG=1",
					"$(inherited)",
				);
				GCC_SYMBOLS_PRIVATE_EXTERN = NO;
				GCC_WARN_64_TO_32_BIT_CONVERSION = YES;
				GCC_WARN_ABOUT_RETURN_TYPE = YES_ERROR;
				GCC_WARN_UNDECLARED_SELECTOR = YES;
				GCC_WARN_UNINITIALIZED_AUTOS = YES_AGGRESSIVE;
				GCC_WARN_UNUSED_FUNCTION = YES;
				GCC_WARN_UNUSED_VARIABLE = YES;
				IPHONEOS_DEPLOYMENT_TARGET = 8.3;
				MTL_ENABLE_DEBUG_INFO = YES;
				ONLY_ACTIVE_ARCH = YES;
				SDKROOT = iphoneos;
				SWIFT_OPTIMIZATION_LEVEL = "-Onone";
			};
			name = Debug;
		};
		29C94F4E1AE3F34400584FCF /* Release */ = {
			isa = XCBuildConfiguration;
			buildSettings = {
				ALWAYS_SEARCH_USER_PATHS = NO;
				CLANG_CXX_LANGUAGE_STANDARD = "gnu++0x";
				CLANG_CXX_LIBRARY = "libc++";
				CLANG_ENABLE_MODULES = YES;
				CLANG_ENABLE_OBJC_ARC = YES;
				CLANG_WARN_BOOL_CONVERSION = YES;
				CLANG_WARN_CONSTANT_CONVERSION = YES;
				CLANG_WARN_DIRECT_OBJC_ISA_USAGE = YES_ERROR;
				CLANG_WARN_EMPTY_BODY = YES;
				CLANG_WARN_ENUM_CONVERSION = YES;
				CLANG_WARN_INT_CONVERSION = YES;
				CLANG_WARN_OBJC_ROOT_CLASS = YES_ERROR;
				CLANG_WARN_UNREACHABLE_CODE = YES;
				CLANG_WARN__DUPLICATE_METHOD_MATCH = YES;
				"CODE_SIGN_IDENTITY[sdk=iphoneos*]" = "iPhone Developer";
				COPY_PHASE_STRIP = NO;
				DEBUG_INFORMATION_FORMAT = "dwarf-with-dsym";
				ENABLE_NS_ASSERTIONS = NO;
				ENABLE_STRICT_OBJC_MSGSEND = YES;
				GCC_C_LANGUAGE_STANDARD = gnu99;
				GCC_NO_COMMON_BLOCKS = YES;
				GCC_WARN_64_TO_32_BIT_CONVERSION = YES;
				GCC_WARN_ABOUT_RETURN_TYPE = YES_ERROR;
				GCC_WARN_UNDECLARED_SELECTOR = YES;
				GCC_WARN_UNINITIALIZED_AUTOS = YES_AGGRESSIVE;
				GCC_WARN_UNUSED_FUNCTION = YES;
				GCC_WARN_UNUSED_VARIABLE = YES;
				IPHONEOS_DEPLOYMENT_TARGET = 8.3;
				MTL_ENABLE_DEBUG_INFO = NO;
				SDKROOT = iphoneos;
				VALIDATE_PRODUCT = YES;
			};
			name = Release;
		};
		29C94F501AE3F34400584FCF /* Debug */ = {
			isa = XCBuildConfiguration;
			buildSettings = {
				ASSETCATALOG_COMPILER_APPICON_NAME = AppIcon;
				CODE_SIGN_IDENTITY = "iPhone Developer";
				"CODE_SIGN_IDENTITY[sdk=iphoneos*]" = "iPhone Developer";
				INFOPLIST_FILE = FencingRefSwift/Info.plist;
				LD_RUNPATH_SEARCH_PATHS = "$(inherited) @executable_path/Frameworks";
				PRODUCT_BUNDLE_IDENTIFIER = "jdp.$(PRODUCT_NAME:rfc1034identifier)";
				PRODUCT_NAME = "$(TARGET_NAME)";
				PROVISIONING_PROFILE = "";
				SWIFT_OBJC_BRIDGING_HEADER = "FencingRefSwift/FencingRefSwift-Bridging-Header.h";
			};
			name = Debug;
		};
		29C94F511AE3F34400584FCF /* Release */ = {
			isa = XCBuildConfiguration;
			buildSettings = {
				ASSETCATALOG_COMPILER_APPICON_NAME = AppIcon;
				CODE_SIGN_IDENTITY = "iPhone Developer";
				"CODE_SIGN_IDENTITY[sdk=iphoneos*]" = "iPhone Developer";
				INFOPLIST_FILE = FencingRefSwift/Info.plist;
				LD_RUNPATH_SEARCH_PATHS = "$(inherited) @executable_path/Frameworks";
				PRODUCT_BUNDLE_IDENTIFIER = "jdp.$(PRODUCT_NAME:rfc1034identifier)";
				PRODUCT_NAME = "$(TARGET_NAME)";
				PROVISIONING_PROFILE = "";
				SWIFT_OBJC_BRIDGING_HEADER = "FencingRefSwift/FencingRefSwift-Bridging-Header.h";
			};
			name = Release;
		};
		29C94F531AE3F34400584FCF /* Debug */ = {
			isa = XCBuildConfiguration;
			buildSettings = {
				BUNDLE_LOADER = "$(TEST_HOST)";
				FRAMEWORK_SEARCH_PATHS = (
					"$(SDKROOT)/Developer/Library/Frameworks",
					"$(inherited)",
				);
				GCC_PREPROCESSOR_DEFINITIONS = (
					"DEBUG=1",
					"$(inherited)",
				);
				INFOPLIST_FILE = FencingRefSwiftTests/Info.plist;
				LD_RUNPATH_SEARCH_PATHS = "$(inherited) @executable_path/Frameworks @loader_path/Frameworks";
				PRODUCT_BUNDLE_IDENTIFIER = "jdp.$(PRODUCT_NAME:rfc1034identifier)";
				PRODUCT_NAME = "$(TARGET_NAME)";
				TEST_HOST = "$(BUILT_PRODUCTS_DIR)/FencingRefSwift.app/FencingRefSwift";
			};
			name = Debug;
		};
		29C94F541AE3F34400584FCF /* Release */ = {
			isa = XCBuildConfiguration;
			buildSettings = {
				BUNDLE_LOADER = "$(TEST_HOST)";
				FRAMEWORK_SEARCH_PATHS = (
					"$(SDKROOT)/Developer/Library/Frameworks",
					"$(inherited)",
				);
				INFOPLIST_FILE = FencingRefSwiftTests/Info.plist;
				LD_RUNPATH_SEARCH_PATHS = "$(inherited) @executable_path/Frameworks @loader_path/Frameworks";
				PRODUCT_BUNDLE_IDENTIFIER = "jdp.$(PRODUCT_NAME:rfc1034identifier)";
				PRODUCT_NAME = "$(TARGET_NAME)";
				TEST_HOST = "$(BUILT_PRODUCTS_DIR)/FencingRefSwift.app/FencingRefSwift";
			};
			name = Release;
		};
/* End XCBuildConfiguration section */

/* Begin XCConfigurationList section */
		29C94F2B1AE3F34400584FCF /* Build configuration list for PBXProject "FencingRefSwift" */ = {
			isa = XCConfigurationList;
			buildConfigurations = (
				29C94F4D1AE3F34400584FCF /* Debug */,
				29C94F4E1AE3F34400584FCF /* Release */,
			);
			defaultConfigurationIsVisible = 0;
			defaultConfigurationName = Release;
		};
		29C94F4F1AE3F34400584FCF /* Build configuration list for PBXNativeTarget "FencingRefSwift" */ = {
			isa = XCConfigurationList;
			buildConfigurations = (
				29C94F501AE3F34400584FCF /* Debug */,
				29C94F511AE3F34400584FCF /* Release */,
			);
			defaultConfigurationIsVisible = 0;
			defaultConfigurationName = Release;
		};
		29C94F521AE3F34400584FCF /* Build configuration list for PBXNativeTarget "FencingRefSwiftTests" */ = {
			isa = XCConfigurationList;
			buildConfigurations = (
				29C94F531AE3F34400584FCF /* Debug */,
				29C94F541AE3F34400584FCF /* Release */,
			);
			defaultConfigurationIsVisible = 0;
			defaultConfigurationName = Release;
		};
/* End XCConfigurationList section */
	};
	rootObject = 29C94F281AE3F34400584FCF /* Project object */;
}
